// !$*UTF8*$!
{
	archiveVersion = 1;
	classes = {
	};
	objectVersion = 50;
	objects = {

/* Begin PBXBuildFile section */
		5F14772D20F30BAA00C07E91 /* UIViewExtensions.swift in Sources */ = {isa = PBXBuildFile; fileRef = 5F14772C20F30BAA00C07E91 /* UIViewExtensions.swift */; };
		5F14773020F33D6B00C07E91 /* PhotoGridHeaderCell.swift in Sources */ = {isa = PBXBuildFile; fileRef = 5F14772E20F33D6B00C07E91 /* PhotoGridHeaderCell.swift */; };
		5F14773120F33D6B00C07E91 /* PhotoGridHeaderCell.xib in Resources */ = {isa = PBXBuildFile; fileRef = 5F14772F20F33D6B00C07E91 /* PhotoGridHeaderCell.xib */; };
		5F14773320F5E55400C07E91 /* ImageManager.swift in Sources */ = {isa = PBXBuildFile; fileRef = 5F14773220F5E55400C07E91 /* ImageManager.swift */; };
		5F14773520F7288600C07E91 /* TestViewController.swift in Sources */ = {isa = PBXBuildFile; fileRef = 5F14773420F7288600C07E91 /* TestViewController.swift */; };
		5F14773720F7462A00C07E91 /* PhotoPreviewBar.swift in Sources */ = {isa = PBXBuildFile; fileRef = 5F14773620F7462A00C07E91 /* PhotoPreviewBar.swift */; };
		5F14773920F7464600C07E91 /* PhotoPreviewBar.xib in Resources */ = {isa = PBXBuildFile; fileRef = 5F14773820F7464600C07E91 /* PhotoPreviewBar.xib */; };
		5F14773B20F89B3400C07E91 /* AlbumType.swift in Sources */ = {isa = PBXBuildFile; fileRef = 5F14773A20F89B3400C07E91 /* AlbumType.swift */; };
		5F14773D20F89D2400C07E91 /* ImageCacher.swift in Sources */ = {isa = PBXBuildFile; fileRef = 5F14773C20F89D2400C07E91 /* ImageCacher.swift */; };
		5F1B3B2F20E0D823007C1D7A /* AppDelegate.swift in Sources */ = {isa = PBXBuildFile; fileRef = 5F1B3B2E20E0D823007C1D7A /* AppDelegate.swift */; };
		5F1B3B3420E0D823007C1D7A /* Main.storyboard in Resources */ = {isa = PBXBuildFile; fileRef = 5F1B3B3220E0D823007C1D7A /* Main.storyboard */; };
		5F1B3B3620E0D826007C1D7A /* Assets.xcassets in Resources */ = {isa = PBXBuildFile; fileRef = 5F1B3B3520E0D826007C1D7A /* Assets.xcassets */; };
		5F1B3B3920E0D826007C1D7A /* LaunchScreen.storyboard in Resources */ = {isa = PBXBuildFile; fileRef = 5F1B3B3720E0D826007C1D7A /* LaunchScreen.storyboard */; };
		5F1B3B4120E0D889007C1D7A /* PhotoGridViewController.swift in Sources */ = {isa = PBXBuildFile; fileRef = 5F1B3B4020E0D889007C1D7A /* PhotoGridViewController.swift */; };
		5F1B3B4420E0DA6C007C1D7A /* PhotoGridCell.swift in Sources */ = {isa = PBXBuildFile; fileRef = 5F1B3B4220E0DA6C007C1D7A /* PhotoGridCell.swift */; };
		5F1B3B4520E0DA6C007C1D7A /* PhotoGridCell.xib in Resources */ = {isa = PBXBuildFile; fileRef = 5F1B3B4320E0DA6C007C1D7A /* PhotoGridCell.xib */; };
		5F1B3B4C20E5FD4C007C1D7A /* ColorTool.swift in Sources */ = {isa = PBXBuildFile; fileRef = 5F1B3B4B20E5FD4C007C1D7A /* ColorTool.swift */; };
		5F1B3B4E20E602AD007C1D7A /* UIButtonExtensions.swift in Sources */ = {isa = PBXBuildFile; fileRef = 5F1B3B4D20E602AD007C1D7A /* UIButtonExtensions.swift */; };
		5F1B3B5420ECD195007C1D7A /* AlbumCell.swift in Sources */ = {isa = PBXBuildFile; fileRef = 5F1B3B5220ECD195007C1D7A /* AlbumCell.swift */; };
		5F1B3B5520ECD195007C1D7A /* AlbumCell.xib in Resources */ = {isa = PBXBuildFile; fileRef = 5F1B3B5320ECD195007C1D7A /* AlbumCell.xib */; };
/* End PBXBuildFile section */

/* Begin PBXFileReference section */
		5F14772C20F30BAA00C07E91 /* UIViewExtensions.swift */ = {isa = PBXFileReference; lastKnownFileType = sourcecode.swift; path = UIViewExtensions.swift; sourceTree = "<group>"; };
		5F14772E20F33D6B00C07E91 /* PhotoGridHeaderCell.swift */ = {isa = PBXFileReference; lastKnownFileType = sourcecode.swift; path = PhotoGridHeaderCell.swift; sourceTree = "<group>"; };
		5F14772F20F33D6B00C07E91 /* PhotoGridHeaderCell.xib */ = {isa = PBXFileReference; lastKnownFileType = file.xib; path = PhotoGridHeaderCell.xib; sourceTree = "<group>"; };
		5F14773220F5E55400C07E91 /* ImageManager.swift */ = {isa = PBXFileReference; fileEncoding = 4; lastKnownFileType = sourcecode.swift; path = ImageManager.swift; sourceTree = "<group>"; };
		5F14773420F7288600C07E91 /* TestViewController.swift */ = {isa = PBXFileReference; lastKnownFileType = sourcecode.swift; path = TestViewController.swift; sourceTree = "<group>"; };
		5F14773620F7462A00C07E91 /* PhotoPreviewBar.swift */ = {isa = PBXFileReference; lastKnownFileType = sourcecode.swift; path = PhotoPreviewBar.swift; sourceTree = "<group>"; };
		5F14773820F7464600C07E91 /* PhotoPreviewBar.xib */ = {isa = PBXFileReference; lastKnownFileType = file.xib; path = PhotoPreviewBar.xib; sourceTree = "<group>"; };
		5F14773A20F89B3400C07E91 /* AlbumType.swift */ = {isa = PBXFileReference; lastKnownFileType = sourcecode.swift; path = AlbumType.swift; sourceTree = "<group>"; };
		5F14773C20F89D2400C07E91 /* ImageCacher.swift */ = {isa = PBXFileReference; fileEncoding = 4; lastKnownFileType = sourcecode.swift; path = ImageCacher.swift; sourceTree = "<group>"; };
		5F1B3B2B20E0D823007C1D7A /* PhotosPreview.app */ = {isa = PBXFileReference; explicitFileType = wrapper.application; includeInIndex = 0; path = PhotosPreview.app; sourceTree = BUILT_PRODUCTS_DIR; };
		5F1B3B2E20E0D823007C1D7A /* AppDelegate.swift */ = {isa = PBXFileReference; lastKnownFileType = sourcecode.swift; path = AppDelegate.swift; sourceTree = "<group>"; };
		5F1B3B3320E0D823007C1D7A /* Base */ = {isa = PBXFileReference; lastKnownFileType = file.storyboard; name = Base; path = Base.lproj/Main.storyboard; sourceTree = "<group>"; };
		5F1B3B3520E0D826007C1D7A /* Assets.xcassets */ = {isa = PBXFileReference; lastKnownFileType = folder.assetcatalog; path = Assets.xcassets; sourceTree = "<group>"; };
		5F1B3B3820E0D826007C1D7A /* Base */ = {isa = PBXFileReference; lastKnownFileType = file.storyboard; name = Base; path = Base.lproj/LaunchScreen.storyboard; sourceTree = "<group>"; };
		5F1B3B3A20E0D826007C1D7A /* Info.plist */ = {isa = PBXFileReference; lastKnownFileType = text.plist.xml; path = Info.plist; sourceTree = "<group>"; };
		5F1B3B4020E0D889007C1D7A /* PhotoGridViewController.swift */ = {isa = PBXFileReference; lastKnownFileType = sourcecode.swift; path = PhotoGridViewController.swift; sourceTree = "<group>"; };
		5F1B3B4220E0DA6C007C1D7A /* PhotoGridCell.swift */ = {isa = PBXFileReference; lastKnownFileType = sourcecode.swift; path = PhotoGridCell.swift; sourceTree = "<group>"; };
		5F1B3B4320E0DA6C007C1D7A /* PhotoGridCell.xib */ = {isa = PBXFileReference; lastKnownFileType = file.xib; path = PhotoGridCell.xib; sourceTree = "<group>"; };
		5F1B3B4B20E5FD4C007C1D7A /* ColorTool.swift */ = {isa = PBXFileReference; lastKnownFileType = sourcecode.swift; path = ColorTool.swift; sourceTree = "<group>"; };
		5F1B3B4D20E602AD007C1D7A /* UIButtonExtensions.swift */ = {isa = PBXFileReference; lastKnownFileType = sourcecode.swift; path = UIButtonExtensions.swift; sourceTree = "<group>"; };
		5F1B3B5220ECD195007C1D7A /* AlbumCell.swift */ = {isa = PBXFileReference; lastKnownFileType = sourcecode.swift; path = AlbumCell.swift; sourceTree = "<group>"; };
		5F1B3B5320ECD195007C1D7A /* AlbumCell.xib */ = {isa = PBXFileReference; lastKnownFileType = file.xib; path = AlbumCell.xib; sourceTree = "<group>"; };
/* End PBXFileReference section */

/* Begin PBXFrameworksBuildPhase section */
		5F1B3B2820E0D823007C1D7A /* Frameworks */ = {
			isa = PBXFrameworksBuildPhase;
			buildActionMask = 2147483647;
			files = (
			);
			runOnlyForDeploymentPostprocessing = 0;
		};
/* End PBXFrameworksBuildPhase section */

/* Begin PBXGroup section */
		5F1B3B2220E0D823007C1D7A = {
			isa = PBXGroup;
			children = (
				5F1B3B2D20E0D823007C1D7A /* PhotosPreview */,
				5F1B3B2C20E0D823007C1D7A /* Products */,
			);
			sourceTree = "<group>";
		};
		5F1B3B2C20E0D823007C1D7A /* Products */ = {
			isa = PBXGroup;
			children = (
				5F1B3B2B20E0D823007C1D7A /* PhotosPreview.app */,
			);
			name = Products;
			sourceTree = "<group>";
		};
		5F1B3B2D20E0D823007C1D7A /* PhotosPreview */ = {
			isa = PBXGroup;
			children = (
				5F1B3B2E20E0D823007C1D7A /* AppDelegate.swift */,
				5F14773420F7288600C07E91 /* TestViewController.swift */,
				5F14773220F5E55400C07E91 /* ImageManager.swift */,
				5F14773A20F89B3400C07E91 /* AlbumType.swift */,
				5F14773620F7462A00C07E91 /* PhotoPreviewBar.swift */,
				5F14773820F7464600C07E91 /* PhotoPreviewBar.xib */,
				5F1B3B4020E0D889007C1D7A /* PhotoGridViewController.swift */,
				5F14772E20F33D6B00C07E91 /* PhotoGridHeaderCell.swift */,
				5F14772F20F33D6B00C07E91 /* PhotoGridHeaderCell.xib */,
				5F1B3B4220E0DA6C007C1D7A /* PhotoGridCell.swift */,
				5F1B3B4320E0DA6C007C1D7A /* PhotoGridCell.xib */,
				5F1B3B5220ECD195007C1D7A /* AlbumCell.swift */,
				5F1B3B5320ECD195007C1D7A /* AlbumCell.xib */,
				5F1B3B3520E0D826007C1D7A /* Assets.xcassets */,
				5F1B3B3220E0D823007C1D7A /* Main.storyboard */,
				5F1B3B3720E0D826007C1D7A /* LaunchScreen.storyboard */,
				5F1B3B3A20E0D826007C1D7A /* Info.plist */,
				5F1B3B4B20E5FD4C007C1D7A /* ColorTool.swift */,
				5F14773C20F89D2400C07E91 /* ImageCacher.swift */,
				5F1B3B4D20E602AD007C1D7A /* UIButtonExtensions.swift */,
				5F14772C20F30BAA00C07E91 /* UIViewExtensions.swift */,
			);
			path = PhotosPreview;
			sourceTree = "<group>";
		};
/* End PBXGroup section */

/* Begin PBXNativeTarget section */
		5F1B3B2A20E0D823007C1D7A /* PhotosPreview */ = {
			isa = PBXNativeTarget;
			buildConfigurationList = 5F1B3B3D20E0D826007C1D7A /* Build configuration list for PBXNativeTarget "PhotosPreview" */;
			buildPhases = (
				5F1B3B2720E0D823007C1D7A /* Sources */,
				5F1B3B2820E0D823007C1D7A /* Frameworks */,
				5F1B3B2920E0D823007C1D7A /* Resources */,
			);
			buildRules = (
			);
			dependencies = (
			);
			name = PhotosPreview;
			productName = PhotosPreview;
			productReference = 5F1B3B2B20E0D823007C1D7A /* PhotosPreview.app */;
			productType = "com.apple.product-type.application";
		};
/* End PBXNativeTarget section */

/* Begin PBXProject section */
		5F1B3B2320E0D823007C1D7A /* Project object */ = {
			isa = PBXProject;
			attributes = {
				LastSwiftUpdateCheck = 0940;
				LastUpgradeCheck = 0940;
				ORGANIZATIONNAME = riverciao;
				TargetAttributes = {
					5F1B3B2A20E0D823007C1D7A = {
						CreatedOnToolsVersion = 9.4.1;
					};
				};
			};
			buildConfigurationList = 5F1B3B2620E0D823007C1D7A /* Build configuration list for PBXProject "PhotosPreview" */;
			compatibilityVersion = "Xcode 9.3";
			developmentRegion = en;
			hasScannedForEncodings = 0;
			knownRegions = (
				en,
				Base,
			);
			mainGroup = 5F1B3B2220E0D823007C1D7A;
			productRefGroup = 5F1B3B2C20E0D823007C1D7A /* Products */;
			projectDirPath = "";
			projectRoot = "";
			targets = (
				5F1B3B2A20E0D823007C1D7A /* PhotosPreview */,
			);
		};
/* End PBXProject section */

/* Begin PBXResourcesBuildPhase section */
		5F1B3B2920E0D823007C1D7A /* Resources */ = {
			isa = PBXResourcesBuildPhase;
			buildActionMask = 2147483647;
			files = (
				5F1B3B3920E0D826007C1D7A /* LaunchScreen.storyboard in Resources */,
				5F1B3B3620E0D826007C1D7A /* Assets.xcassets in Resources */,
				5F14773920F7464600C07E91 /* PhotoPreviewBar.xib in Resources */,
				5F1B3B5520ECD195007C1D7A /* AlbumCell.xib in Resources */,
				5F1B3B4520E0DA6C007C1D7A /* PhotoGridCell.xib in Resources */,
				5F1B3B3420E0D823007C1D7A /* Main.storyboard in Resources */,
				5F14773120F33D6B00C07E91 /* PhotoGridHeaderCell.xib in Resources */,
			);
			runOnlyForDeploymentPostprocessing = 0;
		};
/* End PBXResourcesBuildPhase section */

/* Begin PBXSourcesBuildPhase section */
		5F1B3B2720E0D823007C1D7A /* Sources */ = {
			isa = PBXSourcesBuildPhase;
			buildActionMask = 2147483647;
			files = (
				5F1B3B4120E0D889007C1D7A /* PhotoGridViewController.swift in Sources */,
				5F14773720F7462A00C07E91 /* PhotoPreviewBar.swift in Sources */,
				5F14773520F7288600C07E91 /* TestViewController.swift in Sources */,
				5F1B3B5420ECD195007C1D7A /* AlbumCell.swift in Sources */,
				5F1B3B4420E0DA6C007C1D7A /* PhotoGridCell.swift in Sources */,
				5F14773020F33D6B00C07E91 /* PhotoGridHeaderCell.swift in Sources */,
				5F1B3B4E20E602AD007C1D7A /* UIButtonExtensions.swift in Sources */,
				5F1B3B4C20E5FD4C007C1D7A /* ColorTool.swift in Sources */,
				5F14772D20F30BAA00C07E91 /* UIViewExtensions.swift in Sources */,
				5F14773320F5E55400C07E91 /* ImageManager.swift in Sources */,
				5F14773D20F89D2400C07E91 /* ImageCacher.swift in Sources */,
				5F1B3B2F20E0D823007C1D7A /* AppDelegate.swift in Sources */,
				5F14773B20F89B3400C07E91 /* AlbumType.swift in Sources */,
			);
			runOnlyForDeploymentPostprocessing = 0;
		};
/* End PBXSourcesBuildPhase section */

/* Begin PBXVariantGroup section */
		5F1B3B3220E0D823007C1D7A /* Main.storyboard */ = {
			isa = PBXVariantGroup;
			children = (
				5F1B3B3320E0D823007C1D7A /* Base */,
			);
			name = Main.storyboard;
			sourceTree = "<group>";
		};
		5F1B3B3720E0D826007C1D7A /* LaunchScreen.storyboard */ = {
			isa = PBXVariantGroup;
			children = (
				5F1B3B3820E0D826007C1D7A /* Base */,
			);
			name = LaunchScreen.storyboard;
			sourceTree = "<group>";
		};
/* End PBXVariantGroup section */

/* Begin XCBuildConfiguration section */
		5F1B3B3B20E0D826007C1D7A /* Debug */ = {
			isa = XCBuildConfiguration;
			buildSettings = {
				ALWAYS_SEARCH_USER_PATHS = NO;
				CLANG_ANALYZER_NONNULL = YES;
				CLANG_ANALYZER_NUMBER_OBJECT_CONVERSION = YES_AGGRESSIVE;
				CLANG_CXX_LANGUAGE_STANDARD = "gnu++14";
				CLANG_CXX_LIBRARY = "libc++";
				CLANG_ENABLE_MODULES = YES;
				CLANG_ENABLE_OBJC_ARC = YES;
				CLANG_ENABLE_OBJC_WEAK = YES;
				CLANG_WARN_BLOCK_CAPTURE_AUTORELEASING = YES;
				CLANG_WARN_BOOL_CONVERSION = YES;
				CLANG_WARN_COMMA = YES;
				CLANG_WARN_CONSTANT_CONVERSION = YES;
				CLANG_WARN_DEPRECATED_OBJC_IMPLEMENTATIONS = YES;
				CLANG_WARN_DIRECT_OBJC_ISA_USAGE = YES_ERROR;
				CLANG_WARN_DOCUMENTATION_COMMENTS = YES;
				CLANG_WARN_EMPTY_BODY = YES;
				CLANG_WARN_ENUM_CONVERSION = YES;
				CLANG_WARN_INFINITE_RECURSION = YES;
				CLANG_WARN_INT_CONVERSION = YES;
				CLANG_WARN_NON_LITERAL_NULL_CONVERSION = YES;
				CLANG_WARN_OBJC_IMPLICIT_RETAIN_SELF = YES;
				CLANG_WARN_OBJC_LITERAL_CONVERSION = YES;
				CLANG_WARN_OBJC_ROOT_CLASS = YES_ERROR;
				CLANG_WARN_RANGE_LOOP_ANALYSIS = YES;
				CLANG_WARN_STRICT_PROTOTYPES = YES;
				CLANG_WARN_SUSPICIOUS_MOVE = YES;
				CLANG_WARN_UNGUARDED_AVAILABILITY = YES_AGGRESSIVE;
				CLANG_WARN_UNREACHABLE_CODE = YES;
				CLANG_WARN__DUPLICATE_METHOD_MATCH = YES;
				CODE_SIGN_IDENTITY = "iPhone Developer";
				COPY_PHASE_STRIP = NO;
				DEBUG_INFORMATION_FORMAT = dwarf;
				ENABLE_STRICT_OBJC_MSGSEND = YES;
				ENABLE_TESTABILITY = YES;
				GCC_C_LANGUAGE_STANDARD = gnu11;
				GCC_DYNAMIC_NO_PIC = NO;
				GCC_NO_COMMON_BLOCKS = YES;
				GCC_OPTIMIZATION_LEVEL = 0;
				GCC_PREPROCESSOR_DEFINITIONS = (
					"DEBUG=1",
					"$(inherited)",
				);
				GCC_WARN_64_TO_32_BIT_CONVERSION = YES;
				GCC_WARN_ABOUT_RETURN_TYPE = YES_ERROR;
				GCC_WARN_UNDECLARED_SELECTOR = YES;
				GCC_WARN_UNINITIALIZED_AUTOS = YES_AGGRESSIVE;
				GCC_WARN_UNUSED_FUNCTION = YES;
				GCC_WARN_UNUSED_VARIABLE = YES;
				IPHONEOS_DEPLOYMENT_TARGET = 11.4;
				MTL_ENABLE_DEBUG_INFO = YES;
				ONLY_ACTIVE_ARCH = YES;
				SDKROOT = iphoneos;
				SWIFT_ACTIVE_COMPILATION_CONDITIONS = DEBUG;
				SWIFT_OPTIMIZATION_LEVEL = "-Onone";
			};
			name = Debug;
		};
		5F1B3B3C20E0D826007C1D7A /* Release */ = {
			isa = XCBuildConfiguration;
			buildSettings = {
				ALWAYS_SEARCH_USER_PATHS = NO;
				CLANG_ANALYZER_NONNULL = YES;
				CLANG_ANALYZER_NUMBER_OBJECT_CONVERSION = YES_AGGRESSIVE;
				CLANG_CXX_LANGUAGE_STANDARD = "gnu++14";
				CLANG_CXX_LIBRARY = "libc++";
				CLANG_ENABLE_MODULES = YES;
				CLANG_ENABLE_OBJC_ARC = YES;
				CLANG_ENABLE_OBJC_WEAK = YES;
				CLANG_WARN_BLOCK_CAPTURE_AUTORELEASING = YES;
				CLANG_WARN_BOOL_CONVERSION = YES;
				CLANG_WARN_COMMA = YES;
				CLANG_WARN_CONSTANT_CONVERSION = YES;
				CLANG_WARN_DEPRECATED_OBJC_IMPLEMENTATIONS = YES;
				CLANG_WARN_DIRECT_OBJC_ISA_USAGE = YES_ERROR;
				CLANG_WARN_DOCUMENTATION_COMMENTS = YES;
				CLANG_WARN_EMPTY_BODY = YES;
				CLANG_WARN_ENUM_CONVERSION = YES;
				CLANG_WARN_INFINITE_RECURSION = YES;
				CLANG_WARN_INT_CONVERSION = YES;
				CLANG_WARN_NON_LITERAL_NULL_CONVERSION = YES;
				CLANG_WARN_OBJC_IMPLICIT_RETAIN_SELF = YES;
				CLANG_WARN_OBJC_LITERAL_CONVERSION = YES;
				CLANG_WARN_OBJC_ROOT_CLASS = YES_ERROR;
				CLANG_WARN_RANGE_LOOP_ANALYSIS = YES;
				CLANG_WARN_STRICT_PROTOTYPES = YES;
				CLANG_WARN_SUSPICIOUS_MOVE = YES;
				CLANG_WARN_UNGUARDED_AVAILABILITY = YES_AGGRESSIVE;
				CLANG_WARN_UNREACHABLE_CODE = YES;
				CLANG_WARN__DUPLICATE_METHOD_MATCH = YES;
				CODE_SIGN_IDENTITY = "iPhone Developer";
				COPY_PHASE_STRIP = NO;
				DEBUG_INFORMATION_FORMAT = "dwarf-with-dsym";
				ENABLE_NS_ASSERTIONS = NO;
				ENABLE_STRICT_OBJC_MSGSEND = YES;
				GCC_C_LANGUAGE_STANDARD = gnu11;
				GCC_NO_COMMON_BLOCKS = YES;
				GCC_WARN_64_TO_32_BIT_CONVERSION = YES;
				GCC_WARN_ABOUT_RETURN_TYPE = YES_ERROR;
				GCC_WARN_UNDECLARED_SELECTOR = YES;
				GCC_WARN_UNINITIALIZED_AUTOS = YES_AGGRESSIVE;
				GCC_WARN_UNUSED_FUNCTION = YES;
				GCC_WARN_UNUSED_VARIABLE = YES;
				IPHONEOS_DEPLOYMENT_TARGET = 11.4;
				MTL_ENABLE_DEBUG_INFO = NO;
				SDKROOT = iphoneos;
				SWIFT_COMPILATION_MODE = wholemodule;
				SWIFT_OPTIMIZATION_LEVEL = "-O";
				VALIDATE_PRODUCT = YES;
			};
			name = Release;
		};
		5F1B3B3E20E0D826007C1D7A /* Debug */ = {
			isa = XCBuildConfiguration;
			buildSettings = {
				ASSETCATALOG_COMPILER_APPICON_NAME = AppIcon;
				CODE_SIGN_STYLE = Automatic;
				DEVELOPMENT_TEAM = Y2WQVV8TP4;
				INFOPLIST_FILE = PhotosPreview/Info.plist;
				LD_RUNPATH_SEARCH_PATHS = (
					"$(inherited)",
					"@executable_path/Frameworks",
				);
				PRODUCT_BUNDLE_IDENTIFIER = com.riverciao.PhotosPreview;
				PRODUCT_NAME = "$(TARGET_NAME)";
				SWIFT_VERSION = 4.0;
				TARGETED_DEVICE_FAMILY = "1,2";
			};
			name = Debug;
		};
		5F1B3B3F20E0D826007C1D7A /* Release */ = {
			isa = XCBuildConfiguration;
			buildSettings = {
				ASSETCATALOG_COMPILER_APPICON_NAME = AppIcon;
				CODE_SIGN_STYLE = Automatic;
				DEVELOPMENT_TEAM = Y2WQVV8TP4;
				INFOPLIST_FILE = PhotosPreview/Info.plist;
				LD_RUNPATH_SEARCH_PATHS = (
					"$(inherited)",
					"@executable_path/Frameworks",
				);
				PRODUCT_BUNDLE_IDENTIFIER = com.riverciao.PhotosPreview;
				PRODUCT_NAME = "$(TARGET_NAME)";
				SWIFT_VERSION = 4.0;
				TARGETED_DEVICE_FAMILY = "1,2";
			};
			name = Release;
		};
/* End XCBuildConfiguration section */

/* Begin XCConfigurationList section */
		5F1B3B2620E0D823007C1D7A /* Build configuration list for PBXProject "PhotosPreview" */ = {
			isa = XCConfigurationList;
			buildConfigurations = (
				5F1B3B3B20E0D826007C1D7A /* Debug */,
				5F1B3B3C20E0D826007C1D7A /* Release */,
			);
			defaultConfigurationIsVisible = 0;
			defaultConfigurationName = Release;
		};
		5F1B3B3D20E0D826007C1D7A /* Build configuration list for PBXNativeTarget "PhotosPreview" */ = {
			isa = XCConfigurationList;
			buildConfigurations = (
				5F1B3B3E20E0D826007C1D7A /* Debug */,
				5F1B3B3F20E0D826007C1D7A /* Release */,
			);
			defaultConfigurationIsVisible = 0;
			defaultConfigurationName = Release;
		};
/* End XCConfigurationList section */
	};
	rootObject = 5F1B3B2320E0D823007C1D7A /* Project object */;
}
